github.com/jeevanandham-381/puppy v0.0.0-20230926081629-2cfafb588f20 h1:47DEQpj8HBSa+/TImW+5JCeuQeRkm5NMpJWZG3hSuFU=
github.com/jeevanandham-381/puppy v0.0.0-20230926081629-2cfafb588f20/go.mod h1:TX7TjntMCqKyJSsjgT/3X6Ojd71drEkNs3mB2S6iAvw=
github.com/jeevanandham-381/puppy v0.0.0-20230926095918-e99b854779eb h1:47DEQpj8HBSa+/TImW+5JCeuQeRkm5NMpJWZG3hSuFU=
github.com/jeevanandham-381/puppy v0.0.0-20230926095918-e99b854779eb/go.mod h1:TX7TjntMCqKyJSsjgT/3X6Ojd71drEkNs3mB2S6iAvw=
